github.com/yanyiwu/gojieba v1.1.2 h1:BMwKCwg3G+Nw/Ctqzm/gNgN/6Ljf0Y4f7ddKlzTA+TM=
github.com/yanyiwu/gojieba v1.1.2/go.mod h1:54wkP7sMJ6bklf7yPl6F+JG71dzVUU1WigZbR47nGdY=
github.com/yinheli/mahonia v0.0.0-20131226213531-0eef680515cc h1:7VHQaaNwHymWbj8lAcXMYX1qopebSBHwYC3ceXLWONU=
github.com/yinheli/mahonia v0.0.0-20131226213531-0eef680515cc/go.mod h1:Pcc297eVCbkDBBVq8FbnI+qDUeIMrHy4Bo7nveAuCAs=
